
Microsoft Visual Studio Solution File, Format Version 12.00
# Visual Studio Version 17
VisualStudioVersion = 17.4.33110.190
MinimumVisualStudioVersion = 10.0.40219.1
Project("{FAE04EC0-301F-11D3-BF4B-00C04F79EFBC}") = "Api.MasterChefe.Web", "Api.MasterChefe\Api.MasterChefe.Web.csproj", "{A6AFA837-DC82-43CD-B1EF-BB5CAC909E49}"
EndProject
Project("{FAE04EC0-301F-11D3-BF4B-00C04F79EFBC}") = "Api.MasterChefe.Aplications", "ClassLibrary1\Api.MasterChefe.Aplications.csproj", "{ACA1ECC5-98B4-4E1A-8F41-BF00704F8647}"
EndProject
Project("{FAE04EC0-301F-11D3-BF4B-00C04F79EFBC}") = "Api.MasterChefe.Domain", "Api.MasterChefe.Domain\Api.MasterChefe.Domain.csproj", "{58BDB939-6E67-4249-A858-533A1E28EB28}"
EndProject
Project("{FAE04EC0-301F-11D3-BF4B-00C04F79EFBC}") = "Api.MasterChefe.Repository", "Api.MasterChefe.Repository\Api.MasterChefe.Repository.csproj", "{C78713BF-9315-4CAE-A33E-1BC39C376442}"
EndProject
Project("{FAE04EC0-301F-11D3-BF4B-00C04F79EFBC}") = "Api.MasterChefe.Ioc", "Api.MasterChefe.Ioc\Api.MasterChefe.Ioc.csproj", "{D1928392-4768-4F77-9B34-7D5C307FC3D0}"
EndProject
Global
	GlobalSection(SolutionConfigurationPlatforms) = preSolution
		Debug|Any CPU = Debug|Any CPU
		Release|Any CPU = Release|Any CPU
	EndGlobalSection
	GlobalSection(ProjectConfigurationPlatforms) = postSolution
		{A6AFA837-DC82-43CD-B1EF-BB5CAC909E49}.Debug|Any CPU.ActiveCfg = Debug|Any CPU
		{A6AFA837-DC82-43CD-B1EF-BB5CAC909E49}.Debug|Any CPU.Build.0 = Debug|Any CPU
		{A6AFA837-DC82-43CD-B1EF-BB5CAC909E49}.Release|Any CPU.ActiveCfg = Release|Any CPU
		{A6AFA837-DC82-43CD-B1EF-BB5CAC909E49}.Release|Any CPU.Build.0 = Release|Any CPU
		{ACA1ECC5-98B4-4E1A-8F41-BF00704F8647}.Debug|Any CPU.ActiveCfg = Debug|Any CPU
		{ACA1ECC5-98B4-4E1A-8F41-BF00704F8647}.Debug|Any CPU.Build.0 = Debug|Any CPU
		{ACA1ECC5-98B4-4E1A-8F41-BF00704F8647}.Release|Any CPU.ActiveCfg = Release|Any CPU
		{ACA1ECC5-98B4-4E1A-8F41-BF00704F8647}.Release|Any CPU.Build.0 = Release|Any CPU
		{58BDB939-6E67-4249-A858-533A1E28EB28}.Debug|Any CPU.ActiveCfg = Debug|Any CPU
		{58BDB939-6E67-4249-A858-533A1E28EB28}.Debug|Any CPU.Build.0 = Debug|Any CPU
		{58BDB939-6E67-4249-A858-533A1E28EB28}.Release|Any CPU.ActiveCfg = Release|Any CPU
		{58BDB939-6E67-4249-A858-533A1E28EB28}.Release|Any CPU.Build.0 = Release|Any CPU
		{C78713BF-9315-4CAE-A33E-1BC39C376442}.Debug|Any CPU.ActiveCfg = Debug|Any CPU
		{C78713BF-9315-4CAE-A33E-1BC39C376442}.Debug|Any CPU.Build.0 = Debug|Any CPU
		{C78713BF-9315-4CAE-A33E-1BC39C376442}.Release|Any CPU.ActiveCfg = Release|Any CPU
		{C78713BF-9315-4CAE-A33E-1BC39C376442}.Release|Any CPU.Build.0 = Release|Any CPU
		{D1928392-4768-4F77-9B34-7D5C307FC3D0}.Debug|Any CPU.ActiveCfg = Debug|Any CPU
		{D1928392-4768-4F77-9B34-7D5C307FC3D0}.Debug|Any CPU.Build.0 = Debug|Any CPU
		{D1928392-4768-4F77-9B34-7D5C307FC3D0}.Release|Any CPU.ActiveCfg = Release|Any CPU
		{D1928392-4768-4F77-9B34-7D5C307FC3D0}.Release|Any CPU.Build.0 = Release|Any CPU
	EndGlobalSection
	GlobalSection(SolutionProperties) = preSolution
		HideSolutionNode = FALSE
	EndGlobalSection
	GlobalSection(ExtensibilityGlobals) = postSolution
		SolutionGuid = {E7EC5896-9D18-48EA-BE2B-078978A57A9C}
	EndGlobalSection
EndGlobal
